
Microsoft Visual Studio Solution File, Format Version 12.00
# Visual Studio Version 17
VisualStudioVersion = 17.0.31903.59
MinimumVisualStudioVersion = 10.0.40219.1
Project("{FAE04EC0-301F-11D3-BF4B-00C04F79EFBC}") = "lilsync", "lilsync.csproj", "{27B40AC5-8109-4963-AAB0-5915F7947EF4}"
EndProject
Project("{FAE04EC0-301F-11D3-BF4B-00C04F79EFBC}") = "lilsync.Tests", "lilsync.Tests\lilsync.Tests.csproj", "{F9635613-43B3-479F-B8E4-593E35EF947B}"
EndProject
Global
	GlobalSection(SolutionConfigurationPlatforms) = preSolution
		Debug|Any CPU = Debug|Any CPU
		Release|Any CPU = Release|Any CPU
	EndGlobalSection
	GlobalSection(SolutionProperties) = preSolution
		HideSolutionNode = FALSE
	EndGlobalSection
	GlobalSection(ProjectConfigurationPlatforms) = postSolution
		{27B40AC5-8109-4963-AAB0-5915F7947EF4}.Debug|Any CPU.ActiveCfg = Debug|Any CPU
		{27B40AC5-8109-4963-AAB0-5915F7947EF4}.Debug|Any CPU.Build.0 = Debug|Any CPU
		{27B40AC5-8109-4963-AAB0-5915F7947EF4}.Release|Any CPU.ActiveCfg = Release|Any CPU
		{27B40AC5-8109-4963-AAB0-5915F7947EF4}.Release|Any CPU.Build.0 = Release|Any CPU
		{F9635613-43B3-479F-B8E4-593E35EF947B}.Debug|Any CPU.ActiveCfg = Debug|Any CPU
		{F9635613-43B3-479F-B8E4-593E35EF947B}.Debug|Any CPU.Build.0 = Debug|Any CPU
		{F9635613-43B3-479F-B8E4-593E35EF947B}.Release|Any CPU.ActiveCfg = Release|Any CPU
		{F9635613-43B3-479F-B8E4-593E35EF947B}.Release|Any CPU.Build.0 = Release|Any CPU
	EndGlobalSection
EndGlobal
